// !$*UTF8*$!
{
	archiveVersion = 1;
	classes = {
	};
	objectVersion = 46;
	objects = {

/* Begin PBXBuildFile section */
		5B253A0C1D02D75B0036ABBD /* ResortManager.swift in Sources */ = {isa = PBXBuildFile; fileRef = 5B253A0B1D02D75B0036ABBD /* ResortManager.swift */; };
		5B2F15D31D0441D200F3CE4A /* GameManager.swift in Sources */ = {isa = PBXBuildFile; fileRef = 5B2F15D21D0441D200F3CE4A /* GameManager.swift */; };
		5BA843B61CFDC324003B5535 /* AppDelegate.swift in Sources */ = {isa = PBXBuildFile; fileRef = 5BA843B51CFDC324003B5535 /* AppDelegate.swift */; };
		5BA843B81CFDC324003B5535 /* ViewController.swift in Sources */ = {isa = PBXBuildFile; fileRef = 5BA843B71CFDC324003B5535 /* ViewController.swift */; };
		5BA843BB1CFDC324003B5535 /* Main.storyboard in Resources */ = {isa = PBXBuildFile; fileRef = 5BA843B91CFDC324003B5535 /* Main.storyboard */; };
		5BA843BE1CFDC324003B5535 /* SportRadar.xcdatamodeld in Sources */ = {isa = PBXBuildFile; fileRef = 5BA843BC1CFDC324003B5535 /* SportRadar.xcdatamodeld */; };
		5BA843C01CFDC324003B5535 /* Assets.xcassets in Resources */ = {isa = PBXBuildFile; fileRef = 5BA843BF1CFDC324003B5535 /* Assets.xcassets */; };
		5BA843C31CFDC324003B5535 /* LaunchScreen.storyboard in Resources */ = {isa = PBXBuildFile; fileRef = 5BA843C11CFDC324003B5535 /* LaunchScreen.storyboard */; };
/* End PBXBuildFile section */

/* Begin PBXFileReference section */
		5B253A0B1D02D75B0036ABBD /* ResortManager.swift */ = {isa = PBXFileReference; fileEncoding = 4; lastKnownFileType = sourcecode.swift; path = ResortManager.swift; sourceTree = "<group>"; };
		5B2F15D21D0441D200F3CE4A /* GameManager.swift */ = {isa = PBXFileReference; fileEncoding = 4; lastKnownFileType = sourcecode.swift; path = GameManager.swift; sourceTree = "<group>"; };
		5BA843B21CFDC324003B5535 /* SportRadar.app */ = {isa = PBXFileReference; explicitFileType = wrapper.application; includeInIndex = 0; path = SportRadar.app; sourceTree = BUILT_PRODUCTS_DIR; };
		5BA843B51CFDC324003B5535 /* AppDelegate.swift */ = {isa = PBXFileReference; lastKnownFileType = sourcecode.swift; path = AppDelegate.swift; sourceTree = "<group>"; };
		5BA843B71CFDC324003B5535 /* ViewController.swift */ = {isa = PBXFileReference; lastKnownFileType = sourcecode.swift; path = ViewController.swift; sourceTree = "<group>"; };
		5BA843BA1CFDC324003B5535 /* Base */ = {isa = PBXFileReference; lastKnownFileType = file.storyboard; name = Base; path = Base.lproj/Main.storyboard; sourceTree = "<group>"; };
		5BA843BD1CFDC324003B5535 /* SportRadar.xcdatamodel */ = {isa = PBXFileReference; lastKnownFileType = wrapper.xcdatamodel; path = SportRadar.xcdatamodel; sourceTree = "<group>"; };
		5BA843BF1CFDC324003B5535 /* Assets.xcassets */ = {isa = PBXFileReference; lastKnownFileType = folder.assetcatalog; path = Assets.xcassets; sourceTree = "<group>"; };
		5BA843C21CFDC324003B5535 /* Base */ = {isa = PBXFileReference; lastKnownFileType = file.storyboard; name = Base; path = Base.lproj/LaunchScreen.storyboard; sourceTree = "<group>"; };
		5BA843C41CFDC324003B5535 /* Info.plist */ = {isa = PBXFileReference; lastKnownFileType = text.plist.xml; path = Info.plist; sourceTree = "<group>"; };
/* End PBXFileReference section */

/* Begin PBXFrameworksBuildPhase section */
		5BA843AF1CFDC323003B5535 /* Frameworks */ = {
			isa = PBXFrameworksBuildPhase;
			buildActionMask = 2147483647;
			files = (
			);
			runOnlyForDeploymentPostprocessing = 0;
		};
/* End PBXFrameworksBuildPhase section */

/* Begin PBXGroup section */
		5BA843A91CFDC323003B5535 = {
			isa = PBXGroup;
			children = (
				5BA843B41CFDC324003B5535 /* SportRadar */,
				5BA843B31CFDC324003B5535 /* Products */,
			);
			sourceTree = "<group>";
		};
		5BA843B31CFDC324003B5535 /* Products */ = {
			isa = PBXGroup;
			children = (
				5BA843B21CFDC324003B5535 /* SportRadar.app */,
			);
			name = Products;
			sourceTree = "<group>";
		};
		5BA843B41CFDC324003B5535 /* SportRadar */ = {
			isa = PBXGroup;
			children = (
				5BA843CC1CFDC361003B5535 /* Controller */,
				5BA843CB1CFDC349003B5535 /* View */,
				5BA843BF1CFDC324003B5535 /* Assets.xcassets */,
				5BA843CA1CFDC336003B5535 /* extra */,
			);
			path = SportRadar;
			sourceTree = "<group>";
		};
		5BA843CA1CFDC336003B5535 /* extra */ = {
			isa = PBXGroup;
			children = (
				5BA843B51CFDC324003B5535 /* AppDelegate.swift */,
				5BA843C11CFDC324003B5535 /* LaunchScreen.storyboard */,
				5BA843C41CFDC324003B5535 /* Info.plist */,
				5BA843BC1CFDC324003B5535 /* SportRadar.xcdatamodeld */,
			);
			name = extra;
			sourceTree = "<group>";
		};
		5BA843CB1CFDC349003B5535 /* View */ = {
			isa = PBXGroup;
			children = (
				5BA843B71CFDC324003B5535 /* ViewController.swift */,
				5B253A0B1D02D75B0036ABBD /* ResortManager.swift */,
				5BA843B91CFDC324003B5535 /* Main.storyboard */,
			);
			name = View;
			sourceTree = "<group>";
		};
		5BA843CC1CFDC361003B5535 /* Controller */ = {
			isa = PBXGroup;
			children = (
				5B2F15D21D0441D200F3CE4A /* GameManager.swift */,
			);
			name = Controller;
			sourceTree = "<group>";
		};
/* End PBXGroup section */

/* Begin PBXNativeTarget section */
		5BA843B11CFDC323003B5535 /* SportRadar */ = {
			isa = PBXNativeTarget;
			buildConfigurationList = 5BA843C71CFDC324003B5535 /* Build configuration list for PBXNativeTarget "SportRadar" */;
			buildPhases = (
				5BA843AE1CFDC323003B5535 /* Sources */,
				5BA843AF1CFDC323003B5535 /* Frameworks */,
				5BA843B01CFDC323003B5535 /* Resources */,
			);
			buildRules = (
			);
			dependencies = (
			);
			name = SportRadar;
			productName = SportRadar;
			productReference = 5BA843B21CFDC324003B5535 /* SportRadar.app */;
			productType = "com.apple.product-type.application";
		};
/* End PBXNativeTarget section */

/* Begin PBXProject section */
		5BA843AA1CFDC323003B5535 /* Project object */ = {
			isa = PBXProject;
			attributes = {
				LastSwiftUpdateCheck = 0730;
				LastUpgradeCheck = 0730;
				ORGANIZATIONNAME = "Martin Cimerman";
				TargetAttributes = {
					5BA843B11CFDC323003B5535 = {
						CreatedOnToolsVersion = 7.3.1;
						DevelopmentTeam = 332DN2PB53;
					};
				};
			};
			buildConfigurationList = 5BA843AD1CFDC323003B5535 /* Build configuration list for PBXProject "SportRadar" */;
			compatibilityVersion = "Xcode 3.2";
			developmentRegion = English;
			hasScannedForEncodings = 0;
			knownRegions = (
				en,
				Base,
			);
			mainGroup = 5BA843A91CFDC323003B5535;
			productRefGroup = 5BA843B31CFDC324003B5535 /* Products */;
			projectDirPath = "";
			projectRoot = "";
			targets = (
				5BA843B11CFDC323003B5535 /* SportRadar */,
			);
		};
/* End PBXProject section */

/* Begin PBXResourcesBuildPhase section */
		5BA843B01CFDC323003B5535 /* Resources */ = {
			isa = PBXResourcesBuildPhase;
			buildActionMask = 2147483647;
			files = (
				5BA843C31CFDC324003B5535 /* LaunchScreen.storyboard in Resources */,
				5BA843C01CFDC324003B5535 /* Assets.xcassets in Resources */,
				5BA843BB1CFDC324003B5535 /* Main.storyboard in Resources */,
			);
			runOnlyForDeploymentPostprocessing = 0;
		};
/* End PBXResourcesBuildPhase section */

/* Begin PBXSourcesBuildPhase section */
		5BA843AE1CFDC323003B5535 /* Sources */ = {
			isa = PBXSourcesBuildPhase;
			buildActionMask = 2147483647;
			files = (
				5B253A0C1D02D75B0036ABBD /* ResortManager.swift in Sources */,
				5B2F15D31D0441D200F3CE4A /* GameManager.swift in Sources */,
				5BA843BE1CFDC324003B5535 /* SportRadar.xcdatamodeld in Sources */,
				5BA843B81CFDC324003B5535 /* ViewController.swift in Sources */,
				5BA843B61CFDC324003B5535 /* AppDelegate.swift in Sources */,
			);
			runOnlyForDeploymentPostprocessing = 0;
		};
/* End PBXSourcesBuildPhase section */

/* Begin PBXVariantGroup section */
		5BA843B91CFDC324003B5535 /* Main.storyboard */ = {
			isa = PBXVariantGroup;
			children = (
				5BA843BA1CFDC324003B5535 /* Base */,
			);
			name = Main.storyboard;
			sourceTree = "<group>";
		};
		5BA843C11CFDC324003B5535 /* LaunchScreen.storyboard */ = {
			isa = PBXVariantGroup;
			children = (
				5BA843C21CFDC324003B5535 /* Base */,
			);
			name = LaunchScreen.storyboard;
			sourceTree = "<group>";
		};
/* End PBXVariantGroup section */

/* Begin XCBuildConfiguration section */
		5BA843C51CFDC324003B5535 /* Debug */ = {
			isa = XCBuildConfiguration;
			buildSettings = {
				ALWAYS_SEARCH_USER_PATHS = NO;
				CLANG_ANALYZER_NONNULL = YES;
				CLANG_CXX_LANGUAGE_STANDARD = "gnu++0x";
				CLANG_CXX_LIBRARY = "libc++";
				CLANG_ENABLE_MODULES = YES;
				CLANG_ENABLE_OBJC_ARC = YES;
				CLANG_WARN_BOOL_CONVERSION = YES;
				CLANG_WARN_CONSTANT_CONVERSION = YES;
				CLANG_WARN_DIRECT_OBJC_ISA_USAGE = YES_ERROR;
				CLANG_WARN_EMPTY_BODY = YES;
				CLANG_WARN_ENUM_CONVERSION = YES;
				CLANG_WARN_INT_CONVERSION = YES;
				CLANG_WARN_OBJC_ROOT_CLASS = YES_ERROR;
				CLANG_WARN_UNREACHABLE_CODE = YES;
				CLANG_WARN__DUPLICATE_METHOD_MATCH = YES;
				"CODE_SIGN_IDENTITY[sdk=iphoneos*]" = "iPhone Developer";
				COPY_PHASE_STRIP = NO;
				DEBUG_INFORMATION_FORMAT = dwarf;
				ENABLE_STRICT_OBJC_MSGSEND = YES;
				ENABLE_TESTABILITY = YES;
				GCC_C_LANGUAGE_STANDARD = gnu99;
				GCC_DYNAMIC_NO_PIC = NO;
				GCC_NO_COMMON_BLOCKS = YES;
				GCC_OPTIMIZATION_LEVEL = 0;
				GCC_PREPROCESSOR_DEFINITIONS = (
					"DEBUG=1",
					"$(inherited)",
				);
				GCC_WARN_64_TO_32_BIT_CONVERSION = YES;
				GCC_WARN_ABOUT_RETURN_TYPE = YES_ERROR;
				GCC_WARN_UNDECLARED_SELECTOR = YES;
				GCC_WARN_UNINITIALIZED_AUTOS = YES_AGGRESSIVE;
				GCC_WARN_UNUSED_FUNCTION = YES;
				GCC_WARN_UNUSED_VARIABLE = YES;
				IPHONEOS_DEPLOYMENT_TARGET = 9.3;
				MTL_ENABLE_DEBUG_INFO = YES;
				ONLY_ACTIVE_ARCH = YES;
				SDKROOT = iphoneos;
				SWIFT_OPTIMIZATION_LEVEL = "-Onone";
				TARGETED_DEVICE_FAMILY = "1,2";
			};
			name = Debug;
		};
		5BA843C61CFDC324003B5535 /* Release */ = {
			isa = XCBuildConfiguration;
			buildSettings = {
				ALWAYS_SEARCH_USER_PATHS = NO;
				CLANG_ANALYZER_NONNULL = YES;
				CLANG_CXX_LANGUAGE_STANDARD = "gnu++0x";
				CLANG_CXX_LIBRARY = "libc++";
				CLANG_ENABLE_MODULES = YES;
				CLANG_ENABLE_OBJC_ARC = YES;
				CLANG_WARN_BOOL_CONVERSION = YES;
				CLANG_WARN_CONSTANT_CONVERSION = YES;
				CLANG_WARN_DIRECT_OBJC_ISA_USAGE = YES_ERROR;
				CLANG_WARN_EMPTY_BODY = YES;
				CLANG_WARN_ENUM_CONVERSION = YES;
				CLANG_WARN_INT_CONVERSION = YES;
				CLANG_WARN_OBJC_ROOT_CLASS = YES_ERROR;
				CLANG_WARN_UNREACHABLE_CODE = YES;
				CLANG_WARN__DUPLICATE_METHOD_MATCH = YES;
				"CODE_SIGN_IDENTITY[sdk=iphoneos*]" = "iPhone Developer";
				COPY_PHASE_STRIP = NO;
				DEBUG_INFORMATION_FORMAT = "dwarf-with-dsym";
				ENABLE_NS_ASSERTIONS = NO;
				ENABLE_STRICT_OBJC_MSGSEND = YES;
				GCC_C_LANGUAGE_STANDARD = gnu99;
				GCC_NO_COMMON_BLOCKS = YES;
				GCC_WARN_64_TO_32_BIT_CONVERSION = YES;
				GCC_WARN_ABOUT_RETURN_TYPE = YES_ERROR;
				GCC_WARN_UNDECLARED_SELECTOR = YES;
				GCC_WARN_UNINITIALIZED_AUTOS = YES_AGGRESSIVE;
				GCC_WARN_UNUSED_FUNCTION = YES;
				GCC_WARN_UNUSED_VARIABLE = YES;
				IPHONEOS_DEPLOYMENT_TARGET = 9.3;
				MTL_ENABLE_DEBUG_INFO = NO;
				SDKROOT = iphoneos;
				TARGETED_DEVICE_FAMILY = "1,2";
				VALIDATE_PRODUCT = YES;
			};
			name = Release;
		};
		5BA843C81CFDC324003B5535 /* Debug */ = {
			isa = XCBuildConfiguration;
			buildSettings = {
				ASSETCATALOG_COMPILER_APPICON_NAME = AppIcon;
				INFOPLIST_FILE = SportRadar/Info.plist;
				LD_RUNPATH_SEARCH_PATHS = "$(inherited) @executable_path/Frameworks";
				PRODUCT_BUNDLE_IDENTIFIER = com.martincimerman.SportRadar;
				PRODUCT_NAME = "$(TARGET_NAME)";
			};
			name = Debug;
		};
		5BA843C91CFDC324003B5535 /* Release */ = {
			isa = XCBuildConfiguration;
			buildSettings = {
				ASSETCATALOG_COMPILER_APPICON_NAME = AppIcon;
				INFOPLIST_FILE = SportRadar/Info.plist;
				LD_RUNPATH_SEARCH_PATHS = "$(inherited) @executable_path/Frameworks";
				PRODUCT_BUNDLE_IDENTIFIER = com.martincimerman.SportRadar;
				PRODUCT_NAME = "$(TARGET_NAME)";
			};
			name = Release;
		};
/* End XCBuildConfiguration section */

/* Begin XCConfigurationList section */
		5BA843AD1CFDC323003B5535 /* Build configuration list for PBXProject "SportRadar" */ = {
			isa = XCConfigurationList;
			buildConfigurations = (
				5BA843C51CFDC324003B5535 /* Debug */,
				5BA843C61CFDC324003B5535 /* Release */,
			);
			defaultConfigurationIsVisible = 0;
			defaultConfigurationName = Release;
		};
		5BA843C71CFDC324003B5535 /* Build configuration list for PBXNativeTarget "SportRadar" */ = {
			isa = XCConfigurationList;
			buildConfigurations = (
				5BA843C81CFDC324003B5535 /* Debug */,
				5BA843C91CFDC324003B5535 /* Release */,
			);
			defaultConfigurationIsVisible = 0;
			defaultConfigurationName = Release;
		};
/* End XCConfigurationList section */

/* Begin XCVersionGroup section */
		5BA843BC1CFDC324003B5535 /* SportRadar.xcdatamodeld */ = {
			isa = XCVersionGroup;
			children = (
				5BA843BD1CFDC324003B5535 /* SportRadar.xcdatamodel */,
			);
			currentVersion = 5BA843BD1CFDC324003B5535 /* SportRadar.xcdatamodel */;
			path = SportRadar.xcdatamodeld;
			sourceTree = "<group>";
			versionGroupType = wrapper.xcdatamodel;
		};
/* End XCVersionGroup section */
	};
	rootObject = 5BA843AA1CFDC323003B5535 /* Project object */;
}
